
Microsoft Visual Studio Solution File, Format Version 12.00
# Visual Studio Version 17
VisualStudioVersion = 17.0.31903.59
MinimumVisualStudioVersion = 10.0.40219.1
Project("{2150E333-8FDC-42A3-9474-1A3956D46DE8}") = "src", "src", "{827E0CD3-B72D-47B6-A68D-7590B98EB39B}"
EndProject
Project("{FAE04EC0-301F-11D3-BF4B-00C04F79EFBC}") = "Kaizen.StaticSite", "src\Kaizen.StaticSite\Kaizen.StaticSite.csproj", "{D7C1E18C-CF94-4EF4-B893-4DDA31E0FDC5}"
EndProject
Project("{FAE04EC0-301F-11D3-BF4B-00C04F79EFBC}") = "Kaizen.BlogEngine", "src\Kaizen.BlogEngine\Kaizen.BlogEngine.csproj", "{BCDFA3CF-87B8-422B-BE87-EC8DA95948F9}"
EndProject
Project("{FAE04EC0-301F-11D3-BF4B-00C04F79EFBC}") = "Kaizen.Seo", "src\Kaizen.Seo\Kaizen.Seo.csproj", "{B4D2B756-C0A2-40D0-B109-B8996A41DE66}"
EndProject
Project("{FAE04EC0-301F-11D3-BF4B-00C04F79EFBC}") = "Nucleics.Web", "src\Nucleics.Web\Nucleics.Web.csproj", "{5ED732B6-E1AD-4B18-953B-AB857D6BFF05}"
EndProject
Project("{FAE04EC0-301F-11D3-BF4B-00C04F79EFBC}") = "Kaizen.StaticSite.Tests", "tests\Kaizen.StaticSite.Tests\Kaizen.StaticSite.Tests.csproj", "{9405E234-175D-49AE-B084-07A5A2A5B352}"
EndProject
Global
	GlobalSection(SolutionConfigurationPlatforms) = preSolution
		Debug|Any CPU = Debug|Any CPU
		Debug|x64 = Debug|x64
		Debug|x86 = Debug|x86
		Release|Any CPU = Release|Any CPU
		Release|x64 = Release|x64
		Release|x86 = Release|x86
	EndGlobalSection
	GlobalSection(ProjectConfigurationPlatforms) = postSolution
		{D7C1E18C-CF94-4EF4-B893-4DDA31E0FDC5}.Debug|Any CPU.ActiveCfg = Debug|Any CPU
		{D7C1E18C-CF94-4EF4-B893-4DDA31E0FDC5}.Debug|Any CPU.Build.0 = Debug|Any CPU
		{D7C1E18C-CF94-4EF4-B893-4DDA31E0FDC5}.Debug|x64.ActiveCfg = Debug|Any CPU
		{D7C1E18C-CF94-4EF4-B893-4DDA31E0FDC5}.Debug|x64.Build.0 = Debug|Any CPU
		{D7C1E18C-CF94-4EF4-B893-4DDA31E0FDC5}.Debug|x86.ActiveCfg = Debug|Any CPU
		{D7C1E18C-CF94-4EF4-B893-4DDA31E0FDC5}.Debug|x86.Build.0 = Debug|Any CPU
		{D7C1E18C-CF94-4EF4-B893-4DDA31E0FDC5}.Release|Any CPU.ActiveCfg = Release|Any CPU
		{D7C1E18C-CF94-4EF4-B893-4DDA31E0FDC5}.Release|Any CPU.Build.0 = Release|Any CPU
		{D7C1E18C-CF94-4EF4-B893-4DDA31E0FDC5}.Release|x64.ActiveCfg = Release|Any CPU
		{D7C1E18C-CF94-4EF4-B893-4DDA31E0FDC5}.Release|x64.Build.0 = Release|Any CPU
		{D7C1E18C-CF94-4EF4-B893-4DDA31E0FDC5}.Release|x86.ActiveCfg = Release|Any CPU
		{D7C1E18C-CF94-4EF4-B893-4DDA31E0FDC5}.Release|x86.Build.0 = Release|Any CPU
		{BCDFA3CF-87B8-422B-BE87-EC8DA95948F9}.Debug|Any CPU.ActiveCfg = Debug|Any CPU
		{BCDFA3CF-87B8-422B-BE87-EC8DA95948F9}.Debug|Any CPU.Build.0 = Debug|Any CPU
		{BCDFA3CF-87B8-422B-BE87-EC8DA95948F9}.Debug|x64.ActiveCfg = Debug|Any CPU
		{BCDFA3CF-87B8-422B-BE87-EC8DA95948F9}.Debug|x64.Build.0 = Debug|Any CPU
		{BCDFA3CF-87B8-422B-BE87-EC8DA95948F9}.Debug|x86.ActiveCfg = Debug|Any CPU
		{BCDFA3CF-87B8-422B-BE87-EC8DA95948F9}.Debug|x86.Build.0 = Debug|Any CPU
		{BCDFA3CF-87B8-422B-BE87-EC8DA95948F9}.Release|Any CPU.ActiveCfg = Release|Any CPU
		{BCDFA3CF-87B8-422B-BE87-EC8DA95948F9}.Release|Any CPU.Build.0 = Release|Any CPU
		{BCDFA3CF-87B8-422B-BE87-EC8DA95948F9}.Release|x64.ActiveCfg = Release|Any CPU
		{BCDFA3CF-87B8-422B-BE87-EC8DA95948F9}.Release|x64.Build.0 = Release|Any CPU
		{BCDFA3CF-87B8-422B-BE87-EC8DA95948F9}.Release|x86.ActiveCfg = Release|Any CPU
		{BCDFA3CF-87B8-422B-BE87-EC8DA95948F9}.Release|x86.Build.0 = Release|Any CPU
		{B4D2B756-C0A2-40D0-B109-B8996A41DE66}.Debug|Any CPU.ActiveCfg = Debug|Any CPU
		{B4D2B756-C0A2-40D0-B109-B8996A41DE66}.Debug|Any CPU.Build.0 = Debug|Any CPU
		{B4D2B756-C0A2-40D0-B109-B8996A41DE66}.Debug|x64.ActiveCfg = Debug|Any CPU
		{B4D2B756-C0A2-40D0-B109-B8996A41DE66}.Debug|x64.Build.0 = Debug|Any CPU
		{B4D2B756-C0A2-40D0-B109-B8996A41DE66}.Debug|x86.ActiveCfg = Debug|Any CPU
		{B4D2B756-C0A2-40D0-B109-B8996A41DE66}.Debug|x86.Build.0 = Debug|Any CPU
		{B4D2B756-C0A2-40D0-B109-B8996A41DE66}.Release|Any CPU.ActiveCfg = Release|Any CPU
		{B4D2B756-C0A2-40D0-B109-B8996A41DE66}.Release|Any CPU.Build.0 = Release|Any CPU
		{B4D2B756-C0A2-40D0-B109-B8996A41DE66}.Release|x64.ActiveCfg = Release|Any CPU
		{B4D2B756-C0A2-40D0-B109-B8996A41DE66}.Release|x64.Build.0 = Release|Any CPU
		{B4D2B756-C0A2-40D0-B109-B8996A41DE66}.Release|x86.ActiveCfg = Release|Any CPU
		{B4D2B756-C0A2-40D0-B109-B8996A41DE66}.Release|x86.Build.0 = Release|Any CPU
		{5ED732B6-E1AD-4B18-953B-AB857D6BFF05}.Debug|Any CPU.ActiveCfg = Debug|Any CPU
		{5ED732B6-E1AD-4B18-953B-AB857D6BFF05}.Debug|Any CPU.Build.0 = Debug|Any CPU
		{5ED732B6-E1AD-4B18-953B-AB857D6BFF05}.Debug|x64.ActiveCfg = Debug|Any CPU
		{5ED732B6-E1AD-4B18-953B-AB857D6BFF05}.Debug|x64.Build.0 = Debug|Any CPU
		{5ED732B6-E1AD-4B18-953B-AB857D6BFF05}.Debug|x86.ActiveCfg = Debug|Any CPU
		{5ED732B6-E1AD-4B18-953B-AB857D6BFF05}.Debug|x86.Build.0 = Debug|Any CPU
		{5ED732B6-E1AD-4B18-953B-AB857D6BFF05}.Release|Any CPU.ActiveCfg = Release|Any CPU
		{5ED732B6-E1AD-4B18-953B-AB857D6BFF05}.Release|Any CPU.Build.0 = Release|Any CPU
		{5ED732B6-E1AD-4B18-953B-AB857D6BFF05}.Release|x64.ActiveCfg = Release|Any CPU
		{5ED732B6-E1AD-4B18-953B-AB857D6BFF05}.Release|x64.Build.0 = Release|Any CPU
		{5ED732B6-E1AD-4B18-953B-AB857D6BFF05}.Release|x86.ActiveCfg = Release|Any CPU
		{5ED732B6-E1AD-4B18-953B-AB857D6BFF05}.Release|x86.Build.0 = Release|Any CPU
		{9405E234-175D-49AE-B084-07A5A2A5B352}.Debug|Any CPU.ActiveCfg = Debug|Any CPU
		{9405E234-175D-49AE-B084-07A5A2A5B352}.Debug|Any CPU.Build.0 = Debug|Any CPU
		{9405E234-175D-49AE-B084-07A5A2A5B352}.Debug|x64.ActiveCfg = Debug|Any CPU
		{9405E234-175D-49AE-B084-07A5A2A5B352}.Debug|x64.Build.0 = Debug|Any CPU
		{9405E234-175D-49AE-B084-07A5A2A5B352}.Debug|x86.ActiveCfg = Debug|Any CPU
		{9405E234-175D-49AE-B084-07A5A2A5B352}.Debug|x86.Build.0 = Debug|Any CPU
		{9405E234-175D-49AE-B084-07A5A2A5B352}.Release|Any CPU.ActiveCfg = Release|Any CPU
		{9405E234-175D-49AE-B084-07A5A2A5B352}.Release|Any CPU.Build.0 = Release|Any CPU
		{9405E234-175D-49AE-B084-07A5A2A5B352}.Release|x64.ActiveCfg = Release|Any CPU
		{9405E234-175D-49AE-B084-07A5A2A5B352}.Release|x64.Build.0 = Release|Any CPU
		{9405E234-175D-49AE-B084-07A5A2A5B352}.Release|x86.ActiveCfg = Release|Any CPU
		{9405E234-175D-49AE-B084-07A5A2A5B352}.Release|x86.Build.0 = Release|Any CPU
	EndGlobalSection
	GlobalSection(SolutionProperties) = preSolution
		HideSolutionNode = FALSE
	EndGlobalSection
	GlobalSection(NestedProjects) = preSolution
		{D7C1E18C-CF94-4EF4-B893-4DDA31E0FDC5} = {827E0CD3-B72D-47B6-A68D-7590B98EB39B}
		{BCDFA3CF-87B8-422B-BE87-EC8DA95948F9} = {827E0CD3-B72D-47B6-A68D-7590B98EB39B}
		{B4D2B756-C0A2-40D0-B109-B8996A41DE66} = {827E0CD3-B72D-47B6-A68D-7590B98EB39B}
	EndGlobalSection
EndGlobal
